// !$*UTF8*$!
{
	archiveVersion = 1;
	classes = {
	};
	objectVersion = 46;
	objects = {

/* Begin PBXBuildFile section */
		4411AD3A1CB2CB0A0054775C /* EZSwiftExtensions.framework in Frameworks */ = {isa = PBXBuildFile; fileRef = 4411AD391CB2CB0A0054775C /* EZSwiftExtensions.framework */; };
		4411AD481CB419B30054775C /* Localizable.strings in Resources */ = {isa = PBXBuildFile; fileRef = 4411AD471CB419B30054775C /* Localizable.strings */; };
		441263301CC67B2C0062D7EB /* PPPlaceView.swift in Sources */ = {isa = PBXBuildFile; fileRef = 4412632F1CC67B2C0062D7EB /* PPPlaceView.swift */; };
		441263321CC67B970062D7EB /* PPPlaceView.xib in Resources */ = {isa = PBXBuildFile; fileRef = 441263311CC67B970062D7EB /* PPPlaceView.xib */; };
		441263341CC69C8B0062D7EB /* PPRestTimeView.swift in Sources */ = {isa = PBXBuildFile; fileRef = 441263331CC69C8B0062D7EB /* PPRestTimeView.swift */; };
		441263361CC69CA10062D7EB /* PPRestTimeView.xib in Resources */ = {isa = PBXBuildFile; fileRef = 441263351CC69CA10062D7EB /* PPRestTimeView.xib */; };
		441263391CC7DD9D0062D7EB /* PPDaiyaTableViewCell.swift in Sources */ = {isa = PBXBuildFile; fileRef = 441263371CC7DD9D0062D7EB /* PPDaiyaTableViewCell.swift */; };
		4412633A1CC7DD9D0062D7EB /* PPDaiyaTableViewCell.xib in Resources */ = {isa = PBXBuildFile; fileRef = 441263381CC7DD9D0062D7EB /* PPDaiyaTableViewCell.xib */; };
		4417EBFA1C85D8EF0010E516 /* PPConfigCollectionBaseView.swift in Sources */ = {isa = PBXBuildFile; fileRef = 4417EBF91C85D8EF0010E516 /* PPConfigCollectionBaseView.swift */; };
		4417EBFC1C85DA580010E516 /* PPConfigCollectionBaseView.xib in Resources */ = {isa = PBXBuildFile; fileRef = 4417EBFB1C85DA580010E516 /* PPConfigCollectionBaseView.xib */; };
		442F38021C68EEFA003D722E /* ConfigViewController.swift in Sources */ = {isa = PBXBuildFile; fileRef = 442F38011C68EEFA003D722E /* ConfigViewController.swift */; };
		442F38051C68F1E4003D722E /* PPConfigCollectionViewCell.swift in Sources */ = {isa = PBXBuildFile; fileRef = 442F38031C68F1E4003D722E /* PPConfigCollectionViewCell.swift */; };
		442F38061C68F1E4003D722E /* PPConfigCollectionViewCell.xib in Resources */ = {isa = PBXBuildFile; fileRef = 442F38041C68F1E4003D722E /* PPConfigCollectionViewCell.xib */; };
		446A41F91C4FD2AE0036AFAC /* AppDelegate.swift in Sources */ = {isa = PBXBuildFile; fileRef = 446A41F81C4FD2AE0036AFAC /* AppDelegate.swift */; };
		446A41FB1C4FD2AE0036AFAC /* FirstViewController.swift in Sources */ = {isa = PBXBuildFile; fileRef = 446A41FA1C4FD2AE0036AFAC /* FirstViewController.swift */; };
		446A41FD1C4FD2AE0036AFAC /* SecondViewController.swift in Sources */ = {isa = PBXBuildFile; fileRef = 446A41FC1C4FD2AE0036AFAC /* SecondViewController.swift */; };
		446A42001C4FD2AE0036AFAC /* Main.storyboard in Resources */ = {isa = PBXBuildFile; fileRef = 446A41FE1C4FD2AE0036AFAC /* Main.storyboard */; };
		446A42021C4FD2AE0036AFAC /* Assets.xcassets in Resources */ = {isa = PBXBuildFile; fileRef = 446A42011C4FD2AE0036AFAC /* Assets.xcassets */; };
		446A42051C4FD2AE0036AFAC /* LaunchScreen.storyboard in Resources */ = {isa = PBXBuildFile; fileRef = 446A42031C4FD2AE0036AFAC /* LaunchScreen.storyboard */; };
		446A42101C4FD2AF0036AFAC /* aitbusTests.swift in Sources */ = {isa = PBXBuildFile; fileRef = 446A420F1C4FD2AF0036AFAC /* aitbusTests.swift */; };
		446A421B1C4FD2AF0036AFAC /* aitbusUITests.swift in Sources */ = {isa = PBXBuildFile; fileRef = 446A421A1C4FD2AF0036AFAC /* aitbusUITests.swift */; };
		449215331CC5386F00D951DE /* PPMapViewController.swift in Sources */ = {isa = PBXBuildFile; fileRef = 449215321CC5386F00D951DE /* PPMapViewController.swift */; };
		449215351CC53A5F00D951DE /* MapKit.framework in Frameworks */ = {isa = PBXBuildFile; fileRef = 449215341CC53A5F00D951DE /* MapKit.framework */; };
		449215371CC53D1300D951DE /* MessageUI.framework in Frameworks */ = {isa = PBXBuildFile; fileRef = 449215361CC53D1300D951DE /* MessageUI.framework */; };
		4CEA225851F4F4B984DA2E1A /* libPods-aitbus.a in Frameworks */ = {isa = PBXBuildFile; fileRef = 6E1D038FF54316D42C50986F /* libPods-aitbus.a */; };
/* End PBXBuildFile section */

/* Begin PBXContainerItemProxy section */
		446A420C1C4FD2AF0036AFAC /* PBXContainerItemProxy */ = {
			isa = PBXContainerItemProxy;
			containerPortal = 446A41ED1C4FD2AE0036AFAC /* Project object */;
			proxyType = 1;
			remoteGlobalIDString = 446A41F41C4FD2AE0036AFAC;
			remoteInfo = aitbus;
		};
		446A42171C4FD2AF0036AFAC /* PBXContainerItemProxy */ = {
			isa = PBXContainerItemProxy;
			containerPortal = 446A41ED1C4FD2AE0036AFAC /* Project object */;
			proxyType = 1;
			remoteGlobalIDString = 446A41F41C4FD2AE0036AFAC;
			remoteInfo = aitbus;
		};
/* End PBXContainerItemProxy section */

/* Begin PBXFileReference section */
		4411AD391CB2CB0A0054775C /* EZSwiftExtensions.framework */ = {isa = PBXFileReference; lastKnownFileType = wrapper.framework; name = EZSwiftExtensions.framework; path = Carthage/Build/iOS/EZSwiftExtensions.framework; sourceTree = "<group>"; };
		4411AD3D1CB2D8C20054775C /* ja */ = {isa = PBXFileReference; lastKnownFileType = text.plist.strings; name = ja; path = ja.lproj/LaunchScreen.strings; sourceTree = "<group>"; };
		4411AD3F1CB2D8E00054775C /* ja */ = {isa = PBXFileReference; lastKnownFileType = text.plist.strings; name = ja; path = ja.lproj/Main.strings; sourceTree = "<group>"; };
		4411AD471CB419B30054775C /* Localizable.strings */ = {isa = PBXFileReference; fileEncoding = 4; lastKnownFileType = text.plist.strings; path = Localizable.strings; sourceTree = "<group>"; };
		4412632F1CC67B2C0062D7EB /* PPPlaceView.swift */ = {isa = PBXFileReference; fileEncoding = 4; lastKnownFileType = sourcecode.swift; path = PPPlaceView.swift; sourceTree = "<group>"; };
		441263311CC67B970062D7EB /* PPPlaceView.xib */ = {isa = PBXFileReference; fileEncoding = 4; lastKnownFileType = file.xib; path = PPPlaceView.xib; sourceTree = "<group>"; };
		441263331CC69C8B0062D7EB /* PPRestTimeView.swift */ = {isa = PBXFileReference; fileEncoding = 4; lastKnownFileType = sourcecode.swift; path = PPRestTimeView.swift; sourceTree = "<group>"; };
		441263351CC69CA10062D7EB /* PPRestTimeView.xib */ = {isa = PBXFileReference; fileEncoding = 4; lastKnownFileType = file.xib; path = PPRestTimeView.xib; sourceTree = "<group>"; };
		441263371CC7DD9D0062D7EB /* PPDaiyaTableViewCell.swift */ = {isa = PBXFileReference; fileEncoding = 4; lastKnownFileType = sourcecode.swift; path = PPDaiyaTableViewCell.swift; sourceTree = "<group>"; };
		441263381CC7DD9D0062D7EB /* PPDaiyaTableViewCell.xib */ = {isa = PBXFileReference; fileEncoding = 4; lastKnownFileType = file.xib; path = PPDaiyaTableViewCell.xib; sourceTree = "<group>"; };
		4417EBF91C85D8EF0010E516 /* PPConfigCollectionBaseView.swift */ = {isa = PBXFileReference; fileEncoding = 4; lastKnownFileType = sourcecode.swift; path = PPConfigCollectionBaseView.swift; sourceTree = "<group>"; };
		4417EBFB1C85DA580010E516 /* PPConfigCollectionBaseView.xib */ = {isa = PBXFileReference; fileEncoding = 4; lastKnownFileType = file.xib; path = PPConfigCollectionBaseView.xib; sourceTree = "<group>"; };
		442F38011C68EEFA003D722E /* ConfigViewController.swift */ = {isa = PBXFileReference; fileEncoding = 4; lastKnownFileType = sourcecode.swift; path = ConfigViewController.swift; sourceTree = "<group>"; };
		442F38031C68F1E4003D722E /* PPConfigCollectionViewCell.swift */ = {isa = PBXFileReference; fileEncoding = 4; lastKnownFileType = sourcecode.swift; path = PPConfigCollectionViewCell.swift; sourceTree = "<group>"; };
		442F38041C68F1E4003D722E /* PPConfigCollectionViewCell.xib */ = {isa = PBXFileReference; fileEncoding = 4; lastKnownFileType = file.xib; path = PPConfigCollectionViewCell.xib; sourceTree = "<group>"; };
		446A41F51C4FD2AE0036AFAC /* aitbus.app */ = {isa = PBXFileReference; explicitFileType = wrapper.application; includeInIndex = 0; path = aitbus.app; sourceTree = BUILT_PRODUCTS_DIR; };
		446A41F81C4FD2AE0036AFAC /* AppDelegate.swift */ = {isa = PBXFileReference; lastKnownFileType = sourcecode.swift; path = AppDelegate.swift; sourceTree = "<group>"; };
		446A41FA1C4FD2AE0036AFAC /* FirstViewController.swift */ = {isa = PBXFileReference; lastKnownFileType = sourcecode.swift; path = FirstViewController.swift; sourceTree = "<group>"; };
		446A41FC1C4FD2AE0036AFAC /* SecondViewController.swift */ = {isa = PBXFileReference; lastKnownFileType = sourcecode.swift; path = SecondViewController.swift; sourceTree = "<group>"; };
		446A41FF1C4FD2AE0036AFAC /* Base */ = {isa = PBXFileReference; lastKnownFileType = file.storyboard; name = Base; path = Base.lproj/Main.storyboard; sourceTree = "<group>"; };
		446A42011C4FD2AE0036AFAC /* Assets.xcassets */ = {isa = PBXFileReference; lastKnownFileType = folder.assetcatalog; path = Assets.xcassets; sourceTree = "<group>"; };
		446A42041C4FD2AE0036AFAC /* Base */ = {isa = PBXFileReference; lastKnownFileType = file.storyboard; name = Base; path = Base.lproj/LaunchScreen.storyboard; sourceTree = "<group>"; };
		446A42061C4FD2AF0036AFAC /* Info.plist */ = {isa = PBXFileReference; lastKnownFileType = text.plist.xml; path = Info.plist; sourceTree = "<group>"; };
		446A420B1C4FD2AF0036AFAC /* aitbusTests.xctest */ = {isa = PBXFileReference; explicitFileType = wrapper.cfbundle; includeInIndex = 0; path = aitbusTests.xctest; sourceTree = BUILT_PRODUCTS_DIR; };
		446A420F1C4FD2AF0036AFAC /* aitbusTests.swift */ = {isa = PBXFileReference; lastKnownFileType = sourcecode.swift; path = aitbusTests.swift; sourceTree = "<group>"; };
		446A42111C4FD2AF0036AFAC /* Info.plist */ = {isa = PBXFileReference; lastKnownFileType = text.plist.xml; path = Info.plist; sourceTree = "<group>"; };
		446A42161C4FD2AF0036AFAC /* aitbusUITests.xctest */ = {isa = PBXFileReference; explicitFileType = wrapper.cfbundle; includeInIndex = 0; path = aitbusUITests.xctest; sourceTree = BUILT_PRODUCTS_DIR; };
		446A421A1C4FD2AF0036AFAC /* aitbusUITests.swift */ = {isa = PBXFileReference; lastKnownFileType = sourcecode.swift; path = aitbusUITests.swift; sourceTree = "<group>"; };
		446A421C1C4FD2AF0036AFAC /* Info.plist */ = {isa = PBXFileReference; lastKnownFileType = text.plist.xml; path = Info.plist; sourceTree = "<group>"; };
		449215321CC5386F00D951DE /* PPMapViewController.swift */ = {isa = PBXFileReference; fileEncoding = 4; lastKnownFileType = sourcecode.swift; path = PPMapViewController.swift; sourceTree = "<group>"; };
		449215341CC53A5F00D951DE /* MapKit.framework */ = {isa = PBXFileReference; lastKnownFileType = wrapper.framework; name = MapKit.framework; path = System/Library/Frameworks/MapKit.framework; sourceTree = SDKROOT; };
		449215361CC53D1300D951DE /* MessageUI.framework */ = {isa = PBXFileReference; lastKnownFileType = wrapper.framework; name = MessageUI.framework; path = System/Library/Frameworks/MessageUI.framework; sourceTree = SDKROOT; };
		6E1D038FF54316D42C50986F /* libPods-aitbus.a */ = {isa = PBXFileReference; explicitFileType = archive.ar; includeInIndex = 0; path = "libPods-aitbus.a"; sourceTree = BUILT_PRODUCTS_DIR; };
		B5CECF0435D0AB2094B153E7 /* Pods-aitbus.debug.xcconfig */ = {isa = PBXFileReference; includeInIndex = 1; lastKnownFileType = text.xcconfig; name = "Pods-aitbus.debug.xcconfig"; path = "Pods/Target Support Files/Pods-aitbus/Pods-aitbus.debug.xcconfig"; sourceTree = "<group>"; };
		C59996970762BD6073213758 /* Pods-aitbus.release.xcconfig */ = {isa = PBXFileReference; includeInIndex = 1; lastKnownFileType = text.xcconfig; name = "Pods-aitbus.release.xcconfig"; path = "Pods/Target Support Files/Pods-aitbus/Pods-aitbus.release.xcconfig"; sourceTree = "<group>"; };
/* End PBXFileReference section */

/* Begin PBXFrameworksBuildPhase section */
		446A41F21C4FD2AE0036AFAC /* Frameworks */ = {
			isa = PBXFrameworksBuildPhase;
			buildActionMask = 2147483647;
			files = (
				449215371CC53D1300D951DE /* MessageUI.framework in Frameworks */,
				449215351CC53A5F00D951DE /* MapKit.framework in Frameworks */,
				4411AD3A1CB2CB0A0054775C /* EZSwiftExtensions.framework in Frameworks */,
				4CEA225851F4F4B984DA2E1A /* libPods-aitbus.a in Frameworks */,
			);
			runOnlyForDeploymentPostprocessing = 0;
		};
		446A42081C4FD2AF0036AFAC /* Frameworks */ = {
			isa = PBXFrameworksBuildPhase;
			buildActionMask = 2147483647;
			files = (
			);
			runOnlyForDeploymentPostprocessing = 0;
		};
		446A42131C4FD2AF0036AFAC /* Frameworks */ = {
			isa = PBXFrameworksBuildPhase;
			buildActionMask = 2147483647;
			files = (
			);
			runOnlyForDeploymentPostprocessing = 0;
		};
/* End PBXFrameworksBuildPhase section */

/* Begin PBXGroup section */
		0605C402F78A526A0ABA5689 /* Frameworks */ = {
			isa = PBXGroup;
			children = (
				449215361CC53D1300D951DE /* MessageUI.framework */,
				449215341CC53A5F00D951DE /* MapKit.framework */,
				4411AD391CB2CB0A0054775C /* EZSwiftExtensions.framework */,
				6E1D038FF54316D42C50986F /* libPods-aitbus.a */,
			);
			name = Frameworks;
			sourceTree = "<group>";
		};
		4411AD401CB2D95F0054775C /* OtherResource */ = {
			isa = PBXGroup;
			children = (
			);
			path = OtherResource;
			sourceTree = "<group>";
		};
		4439977D1C61107D003EF76F /* class */ = {
			isa = PBXGroup;
			children = (
				4411AD401CB2D95F0054775C /* OtherResource */,
				4439977E1C61107D003EF76F /* Config */,
				4439977F1C61107D003EF76F /* Manager */,
				443997801C61107D003EF76F /* Service */,
				443997811C61107D003EF76F /* View */,
				443997821C61107D003EF76F /* ViewController */,
			);
			path = class;
			sourceTree = "<group>";
		};
		4439977E1C61107D003EF76F /* Config */ = {
			isa = PBXGroup;
			children = (
				4411AD471CB419B30054775C /* Localizable.strings */,
			);
			path = Config;
			sourceTree = "<group>";
		};
		4439977F1C61107D003EF76F /* Manager */ = {
			isa = PBXGroup;
			children = (
			);
			path = Manager;
			sourceTree = "<group>";
		};
		443997801C61107D003EF76F /* Service */ = {
			isa = PBXGroup;
			children = (
			);
			path = Service;
			sourceTree = "<group>";
		};
		443997811C61107D003EF76F /* View */ = {
			isa = PBXGroup;
			children = (
				442F38031C68F1E4003D722E /* PPConfigCollectionViewCell.swift */,
				442F38041C68F1E4003D722E /* PPConfigCollectionViewCell.xib */,
				4417EBF91C85D8EF0010E516 /* PPConfigCollectionBaseView.swift */,
				4417EBFB1C85DA580010E516 /* PPConfigCollectionBaseView.xib */,
				4412632F1CC67B2C0062D7EB /* PPPlaceView.swift */,
				441263311CC67B970062D7EB /* PPPlaceView.xib */,
				441263331CC69C8B0062D7EB /* PPRestTimeView.swift */,
				441263351CC69CA10062D7EB /* PPRestTimeView.xib */,
				441263371CC7DD9D0062D7EB /* PPDaiyaTableViewCell.swift */,
				441263381CC7DD9D0062D7EB /* PPDaiyaTableViewCell.xib */,
			);
			path = View;
			sourceTree = "<group>";
		};
		443997821C61107D003EF76F /* ViewController */ = {
			isa = PBXGroup;
			children = (
				449215321CC5386F00D951DE /* PPMapViewController.swift */,
			);
			path = ViewController;
			sourceTree = "<group>";
		};
		446A41EC1C4FD2AE0036AFAC = {
			isa = PBXGroup;
			children = (
				446A41F71C4FD2AE0036AFAC /* aitbus */,
				446A420E1C4FD2AF0036AFAC /* aitbusTests */,
				446A42191C4FD2AF0036AFAC /* aitbusUITests */,
				446A41F61C4FD2AE0036AFAC /* Products */,
				4E7647CC2638C23EC302F3C7 /* Pods */,
				0605C402F78A526A0ABA5689 /* Frameworks */,
			);
			sourceTree = "<group>";
		};
		446A41F61C4FD2AE0036AFAC /* Products */ = {
			isa = PBXGroup;
			children = (
				446A41F51C4FD2AE0036AFAC /* aitbus.app */,
				446A420B1C4FD2AF0036AFAC /* aitbusTests.xctest */,
				446A42161C4FD2AF0036AFAC /* aitbusUITests.xctest */,
			);
			name = Products;
			sourceTree = "<group>";
		};
		446A41F71C4FD2AE0036AFAC /* aitbus */ = {
			isa = PBXGroup;
			children = (
				4439977D1C61107D003EF76F /* class */,
				446A41F81C4FD2AE0036AFAC /* AppDelegate.swift */,
				446A41FA1C4FD2AE0036AFAC /* FirstViewController.swift */,
				446A41FC1C4FD2AE0036AFAC /* SecondViewController.swift */,
				442F38011C68EEFA003D722E /* ConfigViewController.swift */,
				446A41FE1C4FD2AE0036AFAC /* Main.storyboard */,
				446A42011C4FD2AE0036AFAC /* Assets.xcassets */,
				446A42031C4FD2AE0036AFAC /* LaunchScreen.storyboard */,
				446A42061C4FD2AF0036AFAC /* Info.plist */,
			);
			path = aitbus;
			sourceTree = "<group>";
		};
		446A420E1C4FD2AF0036AFAC /* aitbusTests */ = {
			isa = PBXGroup;
			children = (
				446A420F1C4FD2AF0036AFAC /* aitbusTests.swift */,
				446A42111C4FD2AF0036AFAC /* Info.plist */,
			);
			path = aitbusTests;
			sourceTree = "<group>";
		};
		446A42191C4FD2AF0036AFAC /* aitbusUITests */ = {
			isa = PBXGroup;
			children = (
				446A421A1C4FD2AF0036AFAC /* aitbusUITests.swift */,
				446A421C1C4FD2AF0036AFAC /* Info.plist */,
			);
			path = aitbusUITests;
			sourceTree = "<group>";
		};
		4E7647CC2638C23EC302F3C7 /* Pods */ = {
			isa = PBXGroup;
			children = (
				B5CECF0435D0AB2094B153E7 /* Pods-aitbus.debug.xcconfig */,
				C59996970762BD6073213758 /* Pods-aitbus.release.xcconfig */,
			);
			name = Pods;
			sourceTree = "<group>";
		};
/* End PBXGroup section */

/* Begin PBXNativeTarget section */
		446A41F41C4FD2AE0036AFAC /* aitbus */ = {
			isa = PBXNativeTarget;
			buildConfigurationList = 446A421F1C4FD2AF0036AFAC /* Build configuration list for PBXNativeTarget "aitbus" */;
			buildPhases = (
				3D3055C7118B0D3C767E14B8 /* Check Pods Manifest.lock */,
				446A41F11C4FD2AE0036AFAC /* Sources */,
				446A41F21C4FD2AE0036AFAC /* Frameworks */,
				446A41F31C4FD2AE0036AFAC /* Resources */,
				938FCB9F31237DB7ADEC1D95 /* Embed Pods Frameworks */,
				30B76D272A48D9BD76868E3F /* Copy Pods Resources */,
				4411AD3B1CB2CB6D0054775C /* ShellScript */,
			);
			buildRules = (
			);
			dependencies = (
			);
			name = aitbus;
			productName = aitbus;
			productReference = 446A41F51C4FD2AE0036AFAC /* aitbus.app */;
			productType = "com.apple.product-type.application";
		};
		446A420A1C4FD2AF0036AFAC /* aitbusTests */ = {
			isa = PBXNativeTarget;
			buildConfigurationList = 446A42221C4FD2AF0036AFAC /* Build configuration list for PBXNativeTarget "aitbusTests" */;
			buildPhases = (
				446A42071C4FD2AF0036AFAC /* Sources */,
				446A42081C4FD2AF0036AFAC /* Frameworks */,
				446A42091C4FD2AF0036AFAC /* Resources */,
			);
			buildRules = (
			);
			dependencies = (
				446A420D1C4FD2AF0036AFAC /* PBXTargetDependency */,
			);
			name = aitbusTests;
			productName = aitbusTests;
			productReference = 446A420B1C4FD2AF0036AFAC /* aitbusTests.xctest */;
			productType = "com.apple.product-type.bundle.unit-test";
		};
		446A42151C4FD2AF0036AFAC /* aitbusUITests */ = {
			isa = PBXNativeTarget;
			buildConfigurationList = 446A42251C4FD2AF0036AFAC /* Build configuration list for PBXNativeTarget "aitbusUITests" */;
			buildPhases = (
				446A42121C4FD2AF0036AFAC /* Sources */,
				446A42131C4FD2AF0036AFAC /* Frameworks */,
				446A42141C4FD2AF0036AFAC /* Resources */,
			);
			buildRules = (
			);
			dependencies = (
				446A42181C4FD2AF0036AFAC /* PBXTargetDependency */,
			);
			name = aitbusUITests;
			productName = aitbusUITests;
			productReference = 446A42161C4FD2AF0036AFAC /* aitbusUITests.xctest */;
			productType = "com.apple.product-type.bundle.ui-testing";
		};
/* End PBXNativeTarget section */

/* Begin PBXProject section */
		446A41ED1C4FD2AE0036AFAC /* Project object */ = {
			isa = PBXProject;
			attributes = {
				LastSwiftUpdateCheck = 0720;
				LastUpgradeCheck = 0720;
				ORGANIZATIONNAME = ppengotsu;
				TargetAttributes = {
					446A41F41C4FD2AE0036AFAC = {
						CreatedOnToolsVersion = 7.2;
						DevelopmentTeam = 3WZMYL5AE6;
					};
					446A420A1C4FD2AF0036AFAC = {
						CreatedOnToolsVersion = 7.2;
						TestTargetID = 446A41F41C4FD2AE0036AFAC;
					};
					446A42151C4FD2AF0036AFAC = {
						CreatedOnToolsVersion = 7.2;
						TestTargetID = 446A41F41C4FD2AE0036AFAC;
					};
				};
			};
			buildConfigurationList = 446A41F01C4FD2AE0036AFAC /* Build configuration list for PBXProject "aitbus" */;
			compatibilityVersion = "Xcode 3.2";
			developmentRegion = English;
			hasScannedForEncodings = 0;
			knownRegions = (
				en,
				Base,
				ja,
			);
			mainGroup = 446A41EC1C4FD2AE0036AFAC;
			productRefGroup = 446A41F61C4FD2AE0036AFAC /* Products */;
			projectDirPath = "";
			projectRoot = "";
			targets = (
				446A41F41C4FD2AE0036AFAC /* aitbus */,
				446A420A1C4FD2AF0036AFAC /* aitbusTests */,
				446A42151C4FD2AF0036AFAC /* aitbusUITests */,
			);
		};
/* End PBXProject section */

/* Begin PBXResourcesBuildPhase section */
		446A41F31C4FD2AE0036AFAC /* Resources */ = {
			isa = PBXResourcesBuildPhase;
			buildActionMask = 2147483647;
			files = (
				442F38061C68F1E4003D722E /* PPConfigCollectionViewCell.xib in Resources */,
				4411AD481CB419B30054775C /* Localizable.strings in Resources */,
				446A42051C4FD2AE0036AFAC /* LaunchScreen.storyboard in Resources */,
				441263361CC69CA10062D7EB /* PPRestTimeView.xib in Resources */,
				446A42021C4FD2AE0036AFAC /* Assets.xcassets in Resources */,
				4417EBFC1C85DA580010E516 /* PPConfigCollectionBaseView.xib in Resources */,
				441263321CC67B970062D7EB /* PPPlaceView.xib in Resources */,
				446A42001C4FD2AE0036AFAC /* Main.storyboard in Resources */,
				4412633A1CC7DD9D0062D7EB /* PPDaiyaTableViewCell.xib in Resources */,
			);
			runOnlyForDeploymentPostprocessing = 0;
		};
		446A42091C4FD2AF0036AFAC /* Resources */ = {
			isa = PBXResourcesBuildPhase;
			buildActionMask = 2147483647;
			files = (
			);
			runOnlyForDeploymentPostprocessing = 0;
		};
		446A42141C4FD2AF0036AFAC /* Resources */ = {
			isa = PBXResourcesBuildPhase;
			buildActionMask = 2147483647;
			files = (
			);
			runOnlyForDeploymentPostprocessing = 0;
		};
/* End PBXResourcesBuildPhase section */

/* Begin PBXShellScriptBuildPhase section */
		30B76D272A48D9BD76868E3F /* Copy Pods Resources */ = {
			isa = PBXShellScriptBuildPhase;
			buildActionMask = 2147483647;
			files = (
			);
			inputPaths = (
			);
			name = "Copy Pods Resources";
			outputPaths = (
			);
			runOnlyForDeploymentPostprocessing = 0;
			shellPath = /bin/sh;
			shellScript = "\"${SRCROOT}/Pods/Target Support Files/Pods-aitbus/Pods-aitbus-resources.sh\"\n";
			showEnvVarsInLog = 0;
		};
		3D3055C7118B0D3C767E14B8 /* Check Pods Manifest.lock */ = {
			isa = PBXShellScriptBuildPhase;
			buildActionMask = 2147483647;
			files = (
			);
			inputPaths = (
			);
			name = "Check Pods Manifest.lock";
			outputPaths = (
			);
			runOnlyForDeploymentPostprocessing = 0;
			shellPath = /bin/sh;
			shellScript = "diff \"${PODS_ROOT}/../Podfile.lock\" \"${PODS_ROOT}/Manifest.lock\" > /dev/null\nif [[ $? != 0 ]] ; then\n    cat << EOM\nerror: The sandbox is not in sync with the Podfile.lock. Run 'pod install' or update your CocoaPods installation.\nEOM\n    exit 1\nfi\n";
			showEnvVarsInLog = 0;
		};
		4411AD3B1CB2CB6D0054775C /* ShellScript */ = {
			isa = PBXShellScriptBuildPhase;
			buildActionMask = 2147483647;
			files = (
			);
			inputPaths = (
				"$(SRCROOT)/Carthage/Build/iOS/EZSwiftExtensions.framework",
			);
			outputPaths = (
			);
			runOnlyForDeploymentPostprocessing = 0;
			shellPath = /bin/sh;
			shellScript = "/usr/local/bin/carthage copy-frameworks";
		};
		938FCB9F31237DB7ADEC1D95 /* Embed Pods Frameworks */ = {
			isa = PBXShellScriptBuildPhase;
			buildActionMask = 2147483647;
			files = (
			);
			inputPaths = (
			);
			name = "Embed Pods Frameworks";
			outputPaths = (
			);
			runOnlyForDeploymentPostprocessing = 0;
			shellPath = /bin/sh;
			shellScript = "\"${SRCROOT}/Pods/Target Support Files/Pods-aitbus/Pods-aitbus-frameworks.sh\"\n";
			showEnvVarsInLog = 0;
		};
/* End PBXShellScriptBuildPhase section */

/* Begin PBXSourcesBuildPhase section */
		446A41F11C4FD2AE0036AFAC /* Sources */ = {
			isa = PBXSourcesBuildPhase;
			buildActionMask = 2147483647;
			files = (
				446A41FD1C4FD2AE0036AFAC /* SecondViewController.swift in Sources */,
				442F38051C68F1E4003D722E /* PPConfigCollectionViewCell.swift in Sources */,
				441263341CC69C8B0062D7EB /* PPRestTimeView.swift in Sources */,
				4417EBFA1C85D8EF0010E516 /* PPConfigCollectionBaseView.swift in Sources */,
				441263391CC7DD9D0062D7EB /* PPDaiyaTableViewCell.swift in Sources */,
				446A41F91C4FD2AE0036AFAC /* AppDelegate.swift in Sources */,
				441263301CC67B2C0062D7EB /* PPPlaceView.swift in Sources */,
				442F38021C68EEFA003D722E /* ConfigViewController.swift in Sources */,
				446A41FB1C4FD2AE0036AFAC /* FirstViewController.swift in Sources */,
				449215331CC5386F00D951DE /* PPMapViewController.swift in Sources */,
			);
			runOnlyForDeploymentPostprocessing = 0;
		};
		446A42071C4FD2AF0036AFAC /* Sources */ = {
			isa = PBXSourcesBuildPhase;
			buildActionMask = 2147483647;
			files = (
				446A42101C4FD2AF0036AFAC /* aitbusTests.swift in Sources */,
			);
			runOnlyForDeploymentPostprocessing = 0;
		};
		446A42121C4FD2AF0036AFAC /* Sources */ = {
			isa = PBXSourcesBuildPhase;
			buildActionMask = 2147483647;
			files = (
				446A421B1C4FD2AF0036AFAC /* aitbusUITests.swift in Sources */,
			);
			runOnlyForDeploymentPostprocessing = 0;
		};
/* End PBXSourcesBuildPhase section */

/* Begin PBXTargetDependency section */
		446A420D1C4FD2AF0036AFAC /* PBXTargetDependency */ = {
			isa = PBXTargetDependency;
			target = 446A41F41C4FD2AE0036AFAC /* aitbus */;
			targetProxy = 446A420C1C4FD2AF0036AFAC /* PBXContainerItemProxy */;
		};
		446A42181C4FD2AF0036AFAC /* PBXTargetDependency */ = {
			isa = PBXTargetDependency;
			target = 446A41F41C4FD2AE0036AFAC /* aitbus */;
			targetProxy = 446A42171C4FD2AF0036AFAC /* PBXContainerItemProxy */;
		};
/* End PBXTargetDependency section */

/* Begin PBXVariantGroup section */
		446A41FE1C4FD2AE0036AFAC /* Main.storyboard */ = {
			isa = PBXVariantGroup;
			children = (
				446A41FF1C4FD2AE0036AFAC /* Base */,
				4411AD3F1CB2D8E00054775C /* ja */,
			);
			name = Main.storyboard;
			sourceTree = "<group>";
		};
		446A42031C4FD2AE0036AFAC /* LaunchScreen.storyboard */ = {
			isa = PBXVariantGroup;
			children = (
				446A42041C4FD2AE0036AFAC /* Base */,
				4411AD3D1CB2D8C20054775C /* ja */,
			);
			name = LaunchScreen.storyboard;
			sourceTree = "<group>";
		};
/* End PBXVariantGroup section */

/* Begin XCBuildConfiguration section */
		446A421D1C4FD2AF0036AFAC /* Debug */ = {
			isa = XCBuildConfiguration;
			buildSettings = {
				ALWAYS_SEARCH_USER_PATHS = NO;
				CLANG_CXX_LANGUAGE_STANDARD = "gnu++0x";
				CLANG_CXX_LIBRARY = "libc++";
				CLANG_ENABLE_MODULES = YES;
				CLANG_ENABLE_OBJC_ARC = YES;
				CLANG_WARN_BOOL_CONVERSION = YES;
				CLANG_WARN_CONSTANT_CONVERSION = YES;
				CLANG_WARN_DIRECT_OBJC_ISA_USAGE = YES_ERROR;
				CLANG_WARN_EMPTY_BODY = YES;
				CLANG_WARN_ENUM_CONVERSION = YES;
				CLANG_WARN_INT_CONVERSION = YES;
				CLANG_WARN_OBJC_ROOT_CLASS = YES_ERROR;
				CLANG_WARN_UNREACHABLE_CODE = YES;
				CLANG_WARN__DUPLICATE_METHOD_MATCH = YES;
				"CODE_SIGN_IDENTITY[sdk=iphoneos*]" = "iPhone Developer";
				COPY_PHASE_STRIP = NO;
				DEBUG_INFORMATION_FORMAT = dwarf;
				ENABLE_STRICT_OBJC_MSGSEND = YES;
				ENABLE_TESTABILITY = YES;
				GCC_C_LANGUAGE_STANDARD = gnu99;
				GCC_DYNAMIC_NO_PIC = NO;
				GCC_NO_COMMON_BLOCKS = YES;
				GCC_OPTIMIZATION_LEVEL = 0;
				GCC_PREPROCESSOR_DEFINITIONS = (
					"DEBUG=1",
					"$(inherited)",
				);
				GCC_WARN_64_TO_32_BIT_CONVERSION = YES;
				GCC_WARN_ABOUT_RETURN_TYPE = YES_ERROR;
				GCC_WARN_UNDECLARED_SELECTOR = YES;
				GCC_WARN_UNINITIALIZED_AUTOS = YES_AGGRESSIVE;
				GCC_WARN_UNUSED_FUNCTION = YES;
				GCC_WARN_UNUSED_VARIABLE = YES;
				IPHONEOS_DEPLOYMENT_TARGET = 9.2;
				MTL_ENABLE_DEBUG_INFO = YES;
				ONLY_ACTIVE_ARCH = YES;
				SDKROOT = iphoneos;
				SWIFT_OPTIMIZATION_LEVEL = "-Onone";
				TARGETED_DEVICE_FAMILY = "1,2";
			};
			name = Debug;
		};
		446A421E1C4FD2AF0036AFAC /* Release */ = {
			isa = XCBuildConfiguration;
			buildSettings = {
				ALWAYS_SEARCH_USER_PATHS = NO;
				CLANG_CXX_LANGUAGE_STANDARD = "gnu++0x";
				CLANG_CXX_LIBRARY = "libc++";
				CLANG_ENABLE_MODULES = YES;
				CLANG_ENABLE_OBJC_ARC = YES;
				CLANG_WARN_BOOL_CONVERSION = YES;
				CLANG_WARN_CONSTANT_CONVERSION = YES;
				CLANG_WARN_DIRECT_OBJC_ISA_USAGE = YES_ERROR;
				CLANG_WARN_EMPTY_BODY = YES;
				CLANG_WARN_ENUM_CONVERSION = YES;
				CLANG_WARN_INT_CONVERSION = YES;
				CLANG_WARN_OBJC_ROOT_CLASS = YES_ERROR;
				CLANG_WARN_UNREACHABLE_CODE = YES;
				CLANG_WARN__DUPLICATE_METHOD_MATCH = YES;
				"CODE_SIGN_IDENTITY[sdk=iphoneos*]" = "iPhone Developer";
				COPY_PHASE_STRIP = NO;
				DEBUG_INFORMATION_FORMAT = "dwarf-with-dsym";
				ENABLE_NS_ASSERTIONS = NO;
				ENABLE_STRICT_OBJC_MSGSEND = YES;
				GCC_C_LANGUAGE_STANDARD = gnu99;
				GCC_NO_COMMON_BLOCKS = YES;
				GCC_WARN_64_TO_32_BIT_CONVERSION = YES;
				GCC_WARN_ABOUT_RETURN_TYPE = YES_ERROR;
				GCC_WARN_UNDECLARED_SELECTOR = YES;
				GCC_WARN_UNINITIALIZED_AUTOS = YES_AGGRESSIVE;
				GCC_WARN_UNUSED_FUNCTION = YES;
				GCC_WARN_UNUSED_VARIABLE = YES;
				IPHONEOS_DEPLOYMENT_TARGET = 9.2;
				MTL_ENABLE_DEBUG_INFO = NO;
				SDKROOT = iphoneos;
				TARGETED_DEVICE_FAMILY = "1,2";
				VALIDATE_PRODUCT = YES;
			};
			name = Release;
		};
		446A42201C4FD2AF0036AFAC /* Debug */ = {
			isa = XCBuildConfiguration;
			baseConfigurationReference = B5CECF0435D0AB2094B153E7 /* Pods-aitbus.debug.xcconfig */;
			buildSettings = {
				ASSETCATALOG_COMPILER_APPICON_NAME = AppIcon;
				CODE_SIGN_IDENTITY = "iPhone Developer";
				"CODE_SIGN_IDENTITY[sdk=iphoneos*]" = "iPhone Developer";
				FRAMEWORK_SEARCH_PATHS = (
					"$(inherited)",
					"$(PROJECT_DIR)/Carthage/Build/iOS",
				);
				INFOPLIST_FILE = aitbus/Info.plist;
				IPHONEOS_DEPLOYMENT_TARGET = 9.2;
				LD_RUNPATH_SEARCH_PATHS = "$(inherited) @executable_path/Frameworks";
				PRODUCT_BUNDLE_IDENTIFIER = jp.ddo.ppenzikken01.aitbus;
				PRODUCT_NAME = "$(TARGET_NAME)";
				PROVISIONING_PROFILE = "";
			};
			name = Debug;
		};
		446A42211C4FD2AF0036AFAC /* Release */ = {
			isa = XCBuildConfiguration;
			baseConfigurationReference = C59996970762BD6073213758 /* Pods-aitbus.release.xcconfig */;
			buildSettings = {
				ASSETCATALOG_COMPILER_APPICON_NAME = AppIcon;
				CODE_SIGN_IDENTITY = "iPhone Developer";
				"CODE_SIGN_IDENTITY[sdk=iphoneos*]" = "iPhone Developer";
				FRAMEWORK_SEARCH_PATHS = (
					"$(inherited)",
					"$(PROJECT_DIR)/Carthage/Build/iOS",
				);
				INFOPLIST_FILE = aitbus/Info.plist;
				IPHONEOS_DEPLOYMENT_TARGET = 9.2;
				LD_RUNPATH_SEARCH_PATHS = "$(inherited) @executable_path/Frameworks";
				PRODUCT_BUNDLE_IDENTIFIER = jp.ddo.ppenzikken01.aitbus;
				PRODUCT_NAME = "$(TARGET_NAME)";
				PROVISIONING_PROFILE = "";
			};
			name = Release;
		};
		446A42231C4FD2AF0036AFAC /* Debug */ = {
			isa = XCBuildConfiguration;
			buildSettings = {
				BUNDLE_LOADER = "$(TEST_HOST)";
				INFOPLIST_FILE = aitbusTests/Info.plist;
				LD_RUNPATH_SEARCH_PATHS = "$(inherited) @executable_path/Frameworks @loader_path/Frameworks";
				PRODUCT_BUNDLE_IDENTIFIER = jp.ddo.ppenzikken01.aitbusTests;
				PRODUCT_NAME = "$(TARGET_NAME)";
				TEST_HOST = "$(BUILT_PRODUCTS_DIR)/aitbus.app/aitbus";
			};
			name = Debug;
		};
		446A42241C4FD2AF0036AFAC /* Release */ = {
			isa = XCBuildConfiguration;
			buildSettings = {
				BUNDLE_LOADER = "$(TEST_HOST)";
				INFOPLIST_FILE = aitbusTests/Info.plist;
				LD_RUNPATH_SEARCH_PATHS = "$(inherited) @executable_path/Frameworks @loader_path/Frameworks";
				PRODUCT_BUNDLE_IDENTIFIER = jp.ddo.ppenzikken01.aitbusTests;
				PRODUCT_NAME = "$(TARGET_NAME)";
				TEST_HOST = "$(BUILT_PRODUCTS_DIR)/aitbus.app/aitbus";
			};
			name = Release;
		};
		446A42261C4FD2AF0036AFAC /* Debug */ = {
			isa = XCBuildConfiguration;
			buildSettings = {
				INFOPLIST_FILE = aitbusUITests/Info.plist;
				LD_RUNPATH_SEARCH_PATHS = "$(inherited) @executable_path/Frameworks @loader_path/Frameworks";
				PRODUCT_BUNDLE_IDENTIFIER = jp.ddo.ppenzikken01.aitbusUITests;
				PRODUCT_NAME = "$(TARGET_NAME)";
				TEST_TARGET_NAME = aitbus;
				USES_XCTRUNNER = YES;
			};
			name = Debug;
		};
		446A42271C4FD2AF0036AFAC /* Release */ = {
			isa = XCBuildConfiguration;
			buildSettings = {
				INFOPLIST_FILE = aitbusUITests/Info.plist;
				LD_RUNPATH_SEARCH_PATHS = "$(inherited) @executable_path/Frameworks @loader_path/Frameworks";
				PRODUCT_BUNDLE_IDENTIFIER = jp.ddo.ppenzikken01.aitbusUITests;
				PRODUCT_NAME = "$(TARGET_NAME)";
				TEST_TARGET_NAME = aitbus;
				USES_XCTRUNNER = YES;
			};
			name = Release;
		};
/* End XCBuildConfiguration section */

/* Begin XCConfigurationList section */
		446A41F01C4FD2AE0036AFAC /* Build configuration list for PBXProject "aitbus" */ = {
			isa = XCConfigurationList;
			buildConfigurations = (
				446A421D1C4FD2AF0036AFAC /* Debug */,
				446A421E1C4FD2AF0036AFAC /* Release */,
			);
			defaultConfigurationIsVisible = 0;
			defaultConfigurationName = Release;
		};
		446A421F1C4FD2AF0036AFAC /* Build configuration list for PBXNativeTarget "aitbus" */ = {
			isa = XCConfigurationList;
			buildConfigurations = (
				446A42201C4FD2AF0036AFAC /* Debug */,
				446A42211C4FD2AF0036AFAC /* Release */,
			);
			defaultConfigurationIsVisible = 0;
			defaultConfigurationName = Release;
		};
		446A42221C4FD2AF0036AFAC /* Build configuration list for PBXNativeTarget "aitbusTests" */ = {
			isa = XCConfigurationList;
			buildConfigurations = (
				446A42231C4FD2AF0036AFAC /* Debug */,
				446A42241C4FD2AF0036AFAC /* Release */,
			);
			defaultConfigurationIsVisible = 0;
			defaultConfigurationName = Release;
		};
		446A42251C4FD2AF0036AFAC /* Build configuration list for PBXNativeTarget "aitbusUITests" */ = {
			isa = XCConfigurationList;
			buildConfigurations = (
				446A42261C4FD2AF0036AFAC /* Debug */,
				446A42271C4FD2AF0036AFAC /* Release */,
			);
			defaultConfigurationIsVisible = 0;
			defaultConfigurationName = Release;
		};
/* End XCConfigurationList section */
	};
	rootObject = 446A41ED1C4FD2AE0036AFAC /* Project object */;
}
